
Microsoft Visual Studio Solution File, Format Version 12.00
# Visual Studio Version 17
VisualStudioVersion = 17.11.35219.272
MinimumVisualStudioVersion = 10.0.40219.1
Project("{FAE04EC0-301F-11D3-BF4B-00C04F79EFBC}") = "KekszShop", "KekszShop\KekszShop.csproj", "{193B7DA2-35DF-4E26-9C92-CC35164D63FE}"
EndProject
Global
	GlobalSection(SolutionConfigurationPlatforms) = preSolution
		Debug|Any CPU = Debug|Any CPU
		Release|Any CPU = Release|Any CPU
	EndGlobalSection
	GlobalSection(ProjectConfigurationPlatforms) = postSolution
		{193B7DA2-35DF-4E26-9C92-CC35164D63FE}.Debug|Any CPU.ActiveCfg = Debug|Any CPU
		{193B7DA2-35DF-4E26-9C92-CC35164D63FE}.Debug|Any CPU.Build.0 = Debug|Any CPU
		{193B7DA2-35DF-4E26-9C92-CC35164D63FE}.Release|Any CPU.ActiveCfg = Release|Any CPU
		{193B7DA2-35DF-4E26-9C92-CC35164D63FE}.Release|Any CPU.Build.0 = Release|Any CPU
	EndGlobalSection
	GlobalSection(SolutionProperties) = preSolution
		HideSolutionNode = FALSE
	EndGlobalSection
	GlobalSection(ExtensibilityGlobals) = postSolution
		SolutionGuid = {B00C225A-37B8-4B98-845E-3D1153274D22}
	EndGlobalSection
EndGlobal
